
Microsoft Visual Studio Solution File, Format Version 12.00
# Visual Studio Version 17
VisualStudioVersion = 17.9.34728.123
MinimumVisualStudioVersion = 10.0.40219.1
Project("{9A19103F-16F7-4668-BE54-9A1E7A4F7556}") = "SchoolApi.Domain", "SchoolApi.Domain\SchoolApi.Domain.csproj", "{948275FC-4160-45BF-AE47-B5884CCEDE8E}"
EndProject
Project("{9A19103F-16F7-4668-BE54-9A1E7A4F7556}") = "SchoolApi.DataAccess", "SchoolApi.DataAccess\SchoolApi.DataAccess.csproj", "{1D18AD60-C062-444D-B73C-7CAB09BBB1C8}"
EndProject
Project("{9A19103F-16F7-4668-BE54-9A1E7A4F7556}") = "SchoolApi.API", "SchoolApi.API\SchoolApi.API.csproj", "{D4DE0466-004B-4CEE-A816-C5EF9FEBC058}"
EndProject
Project("{FAE04EC0-301F-11D3-BF4B-00C04F79EFBC}") = "SchoolApi.Infrastructure", "SchoolApi.Infrastructure\SchoolApi.Infrastructure.csproj", "{0EE0B346-AB01-47F6-81E4-2B338912E746}"
EndProject
Global
	GlobalSection(SolutionConfigurationPlatforms) = preSolution
		Debug|Any CPU = Debug|Any CPU
		Release|Any CPU = Release|Any CPU
	EndGlobalSection
	GlobalSection(ProjectConfigurationPlatforms) = postSolution
		{948275FC-4160-45BF-AE47-B5884CCEDE8E}.Debug|Any CPU.ActiveCfg = Debug|Any CPU
		{948275FC-4160-45BF-AE47-B5884CCEDE8E}.Debug|Any CPU.Build.0 = Debug|Any CPU
		{948275FC-4160-45BF-AE47-B5884CCEDE8E}.Release|Any CPU.ActiveCfg = Release|Any CPU
		{948275FC-4160-45BF-AE47-B5884CCEDE8E}.Release|Any CPU.Build.0 = Release|Any CPU
		{1D18AD60-C062-444D-B73C-7CAB09BBB1C8}.Debug|Any CPU.ActiveCfg = Debug|Any CPU
		{1D18AD60-C062-444D-B73C-7CAB09BBB1C8}.Debug|Any CPU.Build.0 = Debug|Any CPU
		{1D18AD60-C062-444D-B73C-7CAB09BBB1C8}.Release|Any CPU.ActiveCfg = Release|Any CPU
		{1D18AD60-C062-444D-B73C-7CAB09BBB1C8}.Release|Any CPU.Build.0 = Release|Any CPU
		{D4DE0466-004B-4CEE-A816-C5EF9FEBC058}.Debug|Any CPU.ActiveCfg = Debug|Any CPU
		{D4DE0466-004B-4CEE-A816-C5EF9FEBC058}.Debug|Any CPU.Build.0 = Debug|Any CPU
		{D4DE0466-004B-4CEE-A816-C5EF9FEBC058}.Release|Any CPU.ActiveCfg = Release|Any CPU
		{D4DE0466-004B-4CEE-A816-C5EF9FEBC058}.Release|Any CPU.Build.0 = Release|Any CPU
		{0EE0B346-AB01-47F6-81E4-2B338912E746}.Debug|Any CPU.ActiveCfg = Debug|Any CPU
		{0EE0B346-AB01-47F6-81E4-2B338912E746}.Debug|Any CPU.Build.0 = Debug|Any CPU
		{0EE0B346-AB01-47F6-81E4-2B338912E746}.Release|Any CPU.ActiveCfg = Release|Any CPU
		{0EE0B346-AB01-47F6-81E4-2B338912E746}.Release|Any CPU.Build.0 = Release|Any CPU
	EndGlobalSection
	GlobalSection(SolutionProperties) = preSolution
		HideSolutionNode = FALSE
	EndGlobalSection
	GlobalSection(ExtensibilityGlobals) = postSolution
		SolutionGuid = {107CAC22-E576-4672-BB48-FA7063E51324}
	EndGlobalSection
EndGlobal
